
Microsoft Visual Studio Solution File, Format Version 12.00
# Visual Studio Version 16
VisualStudioVersion = 16.0.30204.135
MinimumVisualStudioVersion = 10.0.40219.1
Project("{9A19103F-16F7-4668-BE54-9A1E7A4F7556}") = "14-Models in Asp.net Core", "14-Models in Asp.net Core.csproj", "{BC63EEDA-E710-40C4-9521-89FCD36185C1}"
EndProject
Global
	GlobalSection(SolutionConfigurationPlatforms) = preSolution
		Debug|Any CPU = Debug|Any CPU
		Release|Any CPU = Release|Any CPU
	EndGlobalSection
	GlobalSection(ProjectConfigurationPlatforms) = postSolution
		{BC63EEDA-E710-40C4-9521-89FCD36185C1}.Debug|Any CPU.ActiveCfg = Debug|Any CPU
		{BC63EEDA-E710-40C4-9521-89FCD36185C1}.Debug|Any CPU.Build.0 = Debug|Any CPU
		{BC63EEDA-E710-40C4-9521-89FCD36185C1}.Release|Any CPU.ActiveCfg = Release|Any CPU
		{BC63EEDA-E710-40C4-9521-89FCD36185C1}.Release|Any CPU.Build.0 = Release|Any CPU
	EndGlobalSection
	GlobalSection(SolutionProperties) = preSolution
		HideSolutionNode = FALSE
	EndGlobalSection
	GlobalSection(ExtensibilityGlobals) = postSolution
		SolutionGuid = {C4B36FDB-F476-430D-BDBD-4AE278467C04}
	EndGlobalSection
EndGlobal
